{
  "name": "changeset_extractor",
  "version": "1.0.0",
  "lockfileVersion": 1,
  "requires": true,
  "dependencies": {
    "check-more-types": {
      "version": "2.24.0",
      "resolved": "https://registry.npmjs.org/check-more-types/-/check-more-types-2.24.0.tgz",
      "integrity": "sha1-FCD/sQ/URNz8ebQ4kbv//TKoRgA="
    },
    "csv-load-sync": {
      "version": "1.0.0",
      "resolved": "https://registry.npmjs.org/csv-load-sync/-/csv-load-sync-1.0.0.tgz",
      "integrity": "sha1-UoXKmTrgcngI9xfab0NisbYhQgU=",
      "requires": {
        "check-more-types": "^2.10.0"
      }
    },
    "csv-writer": {
      "version": "1.6.0",
      "resolved": "https://registry.npmjs.org/csv-writer/-/csv-writer-1.6.0.tgz",
      "integrity": "sha512-NOx7YDFWEsM/fTRAJjRpPp8t+MKRVvniAg9wQlUKx20MFrPs73WLJhFf5iteqrxNYnsy924K3Iroh3yNHeYd2g=="
    },
    "git-diff-parser": {
      "version": "1.0.0",
      "resolved": "https://registry.npmjs.org/git-diff-parser/-/git-diff-parser-1.0.0.tgz",
      "integrity": "sha512-m6I3x7Amb759jXYDITS8M8GfdxV636ni2zV2/RrGtEMuH3CD45hbTFsTaVtmYsTsIQ3x7jibsOcFOqJvP6ptxg=="
    }
  }
}
